
Microsoft Visual Studio Solution File, Format Version 12.00
# Visual Studio Version 16
VisualStudioVersion = 16.0.31624.102
MinimumVisualStudioVersion = 10.0.40219.1
Project("{9A19103F-16F7-4668-BE54-9A1E7A4F7556}") = "General", "Eresko_Task1.1\General.csproj", "{1ACDAA2E-7235-488B-9208-E8F16A1DDFB5}"
EndProject
Project("{9A19103F-16F7-4668-BE54-9A1E7A4F7556}") = "Task1.1.1", "Task1.1.1\Task1.1.1.csproj", "{38B42741-10AD-4735-A8C8-30D85B5F6975}"
EndProject
Project("{9A19103F-16F7-4668-BE54-9A1E7A4F7556}") = "Task 1.1.2", "Task 1.1.2\Task 1.1.2.csproj", "{57CBC0E3-07F5-4DC0-9192-18369C717CA0}"
EndProject
Project("{9A19103F-16F7-4668-BE54-9A1E7A4F7556}") = "Task 1.1.3", "Task 1.1.3\Task 1.1.3.csproj", "{E6283E47-2AAC-4519-9699-898B996BF5C7}"
EndProject
Project("{9A19103F-16F7-4668-BE54-9A1E7A4F7556}") = "Task 1.1.4", "Task 1.1.4\Task 1.1.4.csproj", "{8A29B362-A817-49B0-9852-361464D6E4E4}"
EndProject
Project("{9A19103F-16F7-4668-BE54-9A1E7A4F7556}") = "Task 1.1.5", "Task 1.1.5\Task 1.1.5.csproj", "{A0C0B35A-5293-4B14-BCE8-48D852B343C1}"
EndProject
Project("{9A19103F-16F7-4668-BE54-9A1E7A4F7556}") = "Task 1.1.6", "Task 1.1.6\Task 1.1.6.csproj", "{817CE8C6-2210-4504-942C-E041A8DA7C22}"
EndProject
Project("{9A19103F-16F7-4668-BE54-9A1E7A4F7556}") = "Task 1.1.7", "Task 1.1.7\Task 1.1.7.csproj", "{7E28850B-F977-4DD0-839A-9FFACBE3603A}"
EndProject
Project("{9A19103F-16F7-4668-BE54-9A1E7A4F7556}") = "Task 1.1.8", "Task 1.1.8\Task 1.1.8.csproj", "{FFFC4B3E-83CA-4F7A-B333-1622D3CAC9BD}"
EndProject
Project("{9A19103F-16F7-4668-BE54-9A1E7A4F7556}") = "Task 1.1.9", "Task 1.1.9\Task 1.1.9.csproj", "{6D6F63BD-2BBD-4FA2-9036-F13992783D0E}"
EndProject
Project("{9A19103F-16F7-4668-BE54-9A1E7A4F7556}") = "Task 1.1.10", "Task 1.1.10\Task 1.1.10.csproj", "{98D6F930-0A25-4038-8C27-7C51730F557F}"
EndProject
Global
	GlobalSection(SolutionConfigurationPlatforms) = preSolution
		Debug|Any CPU = Debug|Any CPU
		Release|Any CPU = Release|Any CPU
	EndGlobalSection
	GlobalSection(ProjectConfigurationPlatforms) = postSolution
		{1ACDAA2E-7235-488B-9208-E8F16A1DDFB5}.Debug|Any CPU.ActiveCfg = Debug|Any CPU
		{1ACDAA2E-7235-488B-9208-E8F16A1DDFB5}.Debug|Any CPU.Build.0 = Debug|Any CPU
		{1ACDAA2E-7235-488B-9208-E8F16A1DDFB5}.Release|Any CPU.ActiveCfg = Release|Any CPU
		{1ACDAA2E-7235-488B-9208-E8F16A1DDFB5}.Release|Any CPU.Build.0 = Release|Any CPU
		{38B42741-10AD-4735-A8C8-30D85B5F6975}.Debug|Any CPU.ActiveCfg = Debug|Any CPU
		{38B42741-10AD-4735-A8C8-30D85B5F6975}.Debug|Any CPU.Build.0 = Debug|Any CPU
		{38B42741-10AD-4735-A8C8-30D85B5F6975}.Release|Any CPU.ActiveCfg = Release|Any CPU
		{38B42741-10AD-4735-A8C8-30D85B5F6975}.Release|Any CPU.Build.0 = Release|Any CPU
		{57CBC0E3-07F5-4DC0-9192-18369C717CA0}.Debug|Any CPU.ActiveCfg = Debug|Any CPU
		{57CBC0E3-07F5-4DC0-9192-18369C717CA0}.Debug|Any CPU.Build.0 = Debug|Any CPU
		{57CBC0E3-07F5-4DC0-9192-18369C717CA0}.Release|Any CPU.ActiveCfg = Release|Any CPU
		{57CBC0E3-07F5-4DC0-9192-18369C717CA0}.Release|Any CPU.Build.0 = Release|Any CPU
		{E6283E47-2AAC-4519-9699-898B996BF5C7}.Debug|Any CPU.ActiveCfg = Debug|Any CPU
		{E6283E47-2AAC-4519-9699-898B996BF5C7}.Debug|Any CPU.Build.0 = Debug|Any CPU
		{E6283E47-2AAC-4519-9699-898B996BF5C7}.Release|Any CPU.ActiveCfg = Release|Any CPU
		{E6283E47-2AAC-4519-9699-898B996BF5C7}.Release|Any CPU.Build.0 = Release|Any CPU
		{8A29B362-A817-49B0-9852-361464D6E4E4}.Debug|Any CPU.ActiveCfg = Debug|Any CPU
		{8A29B362-A817-49B0-9852-361464D6E4E4}.Debug|Any CPU.Build.0 = Debug|Any CPU
		{8A29B362-A817-49B0-9852-361464D6E4E4}.Release|Any CPU.ActiveCfg = Release|Any CPU
		{8A29B362-A817-49B0-9852-361464D6E4E4}.Release|Any CPU.Build.0 = Release|Any CPU
		{A0C0B35A-5293-4B14-BCE8-48D852B343C1}.Debug|Any CPU.ActiveCfg = Debug|Any CPU
		{A0C0B35A-5293-4B14-BCE8-48D852B343C1}.Debug|Any CPU.Build.0 = Debug|Any CPU
		{A0C0B35A-5293-4B14-BCE8-48D852B343C1}.Release|Any CPU.ActiveCfg = Release|Any CPU
		{A0C0B35A-5293-4B14-BCE8-48D852B343C1}.Release|Any CPU.Build.0 = Release|Any CPU
		{817CE8C6-2210-4504-942C-E041A8DA7C22}.Debug|Any CPU.ActiveCfg = Debug|Any CPU
		{817CE8C6-2210-4504-942C-E041A8DA7C22}.Debug|Any CPU.Build.0 = Debug|Any CPU
		{817CE8C6-2210-4504-942C-E041A8DA7C22}.Release|Any CPU.ActiveCfg = Release|Any CPU
		{817CE8C6-2210-4504-942C-E041A8DA7C22}.Release|Any CPU.Build.0 = Release|Any CPU
		{7E28850B-F977-4DD0-839A-9FFACBE3603A}.Debug|Any CPU.ActiveCfg = Debug|Any CPU
		{7E28850B-F977-4DD0-839A-9FFACBE3603A}.Debug|Any CPU.Build.0 = Debug|Any CPU
		{7E28850B-F977-4DD0-839A-9FFACBE3603A}.Release|Any CPU.ActiveCfg = Release|Any CPU
		{7E28850B-F977-4DD0-839A-9FFACBE3603A}.Release|Any CPU.Build.0 = Release|Any CPU
		{FFFC4B3E-83CA-4F7A-B333-1622D3CAC9BD}.Debug|Any CPU.ActiveCfg = Debug|Any CPU
		{FFFC4B3E-83CA-4F7A-B333-1622D3CAC9BD}.Debug|Any CPU.Build.0 = Debug|Any CPU
		{FFFC4B3E-83CA-4F7A-B333-1622D3CAC9BD}.Release|Any CPU.ActiveCfg = Release|Any CPU
		{FFFC4B3E-83CA-4F7A-B333-1622D3CAC9BD}.Release|Any CPU.Build.0 = Release|Any CPU
		{6D6F63BD-2BBD-4FA2-9036-F13992783D0E}.Debug|Any CPU.ActiveCfg = Debug|Any CPU
		{6D6F63BD-2BBD-4FA2-9036-F13992783D0E}.Debug|Any CPU.Build.0 = Debug|Any CPU
		{6D6F63BD-2BBD-4FA2-9036-F13992783D0E}.Release|Any CPU.ActiveCfg = Release|Any CPU
		{6D6F63BD-2BBD-4FA2-9036-F13992783D0E}.Release|Any CPU.Build.0 = Release|Any CPU
		{98D6F930-0A25-4038-8C27-7C51730F557F}.Debug|Any CPU.ActiveCfg = Debug|Any CPU
		{98D6F930-0A25-4038-8C27-7C51730F557F}.Debug|Any CPU.Build.0 = Debug|Any CPU
		{98D6F930-0A25-4038-8C27-7C51730F557F}.Release|Any CPU.ActiveCfg = Release|Any CPU
		{98D6F930-0A25-4038-8C27-7C51730F557F}.Release|Any CPU.Build.0 = Release|Any CPU
	EndGlobalSection
	GlobalSection(SolutionProperties) = preSolution
		HideSolutionNode = FALSE
	EndGlobalSection
	GlobalSection(ExtensibilityGlobals) = postSolution
		SolutionGuid = {D290F27B-A664-4731-B7E0-33B57594240B}
	EndGlobalSection
EndGlobal
